# This file is automatically @generated by Cargo.
# It is not intended for manual editing.
version = 4

[[package]]
name = "embed-manifest"
version = "1.4.0"
source = "registry+https://github.com/rust-lang/crates.io-index"
checksum = "41cd446c890d6bed1d8b53acef5f240069ebef91d6fae7c5f52efe61fe8b5eae"

[[package]]
name = "memchr"
version = "2.7.4"
source = "registry+https://github.com/rust-lang/crates.io-index"
checksum = "78ca9ab1a0babb1e7d5695e3530886289c18cf2f87ec19a575a0abdce112e3a3"

[[package]]
name = "midi_patch"
version = "0.1.0"
dependencies = [
 "embed-manifest",
 "memchr",
]
